
Microsoft Visual Studio Solution File, Format Version 12.00
# Visual Studio Version 16
VisualStudioVersion = 16.0.31321.278
MinimumVisualStudioVersion = 10.0.40219.1
Project("{9A19103F-16F7-4668-BE54-9A1E7A4F7556}") = "RoleplayingGame", "RoleplayingGame\RoleplayingGame.csproj", "{E14DBDF9-1D64-4771-9FB2-D82032ACC688}"
EndProject
Project("{FAE04EC0-301F-11D3-BF4B-00C04F79EFBC}") = "RPGv2", "RPGv2\RPGv2.csproj", "{D69E737C-45F8-4236-A10A-9A1B12FDDE58}"
EndProject
Global
	GlobalSection(SolutionConfigurationPlatforms) = preSolution
		Debug|Any CPU = Debug|Any CPU
		Release|Any CPU = Release|Any CPU
	EndGlobalSection
	GlobalSection(ProjectConfigurationPlatforms) = postSolution
		{E14DBDF9-1D64-4771-9FB2-D82032ACC688}.Debug|Any CPU.ActiveCfg = Debug|Any CPU
		{E14DBDF9-1D64-4771-9FB2-D82032ACC688}.Debug|Any CPU.Build.0 = Debug|Any CPU
		{E14DBDF9-1D64-4771-9FB2-D82032ACC688}.Release|Any CPU.ActiveCfg = Release|Any CPU
		{E14DBDF9-1D64-4771-9FB2-D82032ACC688}.Release|Any CPU.Build.0 = Release|Any CPU
		{D69E737C-45F8-4236-A10A-9A1B12FDDE58}.Debug|Any CPU.ActiveCfg = Debug|Any CPU
		{D69E737C-45F8-4236-A10A-9A1B12FDDE58}.Debug|Any CPU.Build.0 = Debug|Any CPU
		{D69E737C-45F8-4236-A10A-9A1B12FDDE58}.Release|Any CPU.ActiveCfg = Release|Any CPU
		{D69E737C-45F8-4236-A10A-9A1B12FDDE58}.Release|Any CPU.Build.0 = Release|Any CPU
	EndGlobalSection
	GlobalSection(SolutionProperties) = preSolution
		HideSolutionNode = FALSE
	EndGlobalSection
	GlobalSection(ExtensibilityGlobals) = postSolution
		SolutionGuid = {35FF2F8F-8D9E-487F-9DEA-9898A4D83A5B}
	EndGlobalSection
EndGlobal
