
Microsoft Visual Studio Solution File, Format Version 12.00
# Visual Studio Version 16
VisualStudioVersion = 16.0.31321.278
MinimumVisualStudioVersion = 10.0.40219.1
Project("{9A19103F-16F7-4668-BE54-9A1E7A4F7556}") = "RPG-V1", "RoleplayingGame\RPG-V1.csproj", "{E14DBDF9-1D64-4771-9FB2-D82032ACC688}"
EndProject
Project("{9A19103F-16F7-4668-BE54-9A1E7A4F7556}") = "RPG-V2", "RPG-V2\RPG-V2.csproj", "{8FBFE3D0-26CE-4540-B6E2-7C743127A12E}"
EndProject
Project("{9A19103F-16F7-4668-BE54-9A1E7A4F7556}") = "RPG-V3", "RPG-V3\RPG-V3.csproj", "{658E3055-83D8-4F3B-B9BA-D0373CF6C9B6}"
EndProject
Project("{9A19103F-16F7-4668-BE54-9A1E7A4F7556}") = "RPG-Sandbox-Enums-V1", "EnumTest\RPG-Sandbox-Enums-V1.csproj", "{A66E48ED-4241-468E-9697-069EBBDFFBDA}"
EndProject
Project("{FAE04EC0-301F-11D3-BF4B-00C04F79EFBC}") = "RPG-Sandbox-Enum-Classes-V1", "RPG-Sandbox-Enum-Classes-V1\RPG-Sandbox-Enum-Classes-V1.csproj", "{72D92E2F-8B25-4F17-869E-3D8A4AE51F30}"
EndProject
Global
	GlobalSection(SolutionConfigurationPlatforms) = preSolution
		Debug|Any CPU = Debug|Any CPU
		Release|Any CPU = Release|Any CPU
	EndGlobalSection
	GlobalSection(ProjectConfigurationPlatforms) = postSolution
		{E14DBDF9-1D64-4771-9FB2-D82032ACC688}.Debug|Any CPU.ActiveCfg = Debug|Any CPU
		{E14DBDF9-1D64-4771-9FB2-D82032ACC688}.Debug|Any CPU.Build.0 = Debug|Any CPU
		{E14DBDF9-1D64-4771-9FB2-D82032ACC688}.Release|Any CPU.ActiveCfg = Release|Any CPU
		{E14DBDF9-1D64-4771-9FB2-D82032ACC688}.Release|Any CPU.Build.0 = Release|Any CPU
		{8FBFE3D0-26CE-4540-B6E2-7C743127A12E}.Debug|Any CPU.ActiveCfg = Debug|Any CPU
		{8FBFE3D0-26CE-4540-B6E2-7C743127A12E}.Debug|Any CPU.Build.0 = Debug|Any CPU
		{8FBFE3D0-26CE-4540-B6E2-7C743127A12E}.Release|Any CPU.ActiveCfg = Release|Any CPU
		{8FBFE3D0-26CE-4540-B6E2-7C743127A12E}.Release|Any CPU.Build.0 = Release|Any CPU
		{658E3055-83D8-4F3B-B9BA-D0373CF6C9B6}.Debug|Any CPU.ActiveCfg = Debug|Any CPU
		{658E3055-83D8-4F3B-B9BA-D0373CF6C9B6}.Debug|Any CPU.Build.0 = Debug|Any CPU
		{658E3055-83D8-4F3B-B9BA-D0373CF6C9B6}.Release|Any CPU.ActiveCfg = Release|Any CPU
		{658E3055-83D8-4F3B-B9BA-D0373CF6C9B6}.Release|Any CPU.Build.0 = Release|Any CPU
		{A66E48ED-4241-468E-9697-069EBBDFFBDA}.Debug|Any CPU.ActiveCfg = Debug|Any CPU
		{A66E48ED-4241-468E-9697-069EBBDFFBDA}.Debug|Any CPU.Build.0 = Debug|Any CPU
		{A66E48ED-4241-468E-9697-069EBBDFFBDA}.Release|Any CPU.ActiveCfg = Release|Any CPU
		{A66E48ED-4241-468E-9697-069EBBDFFBDA}.Release|Any CPU.Build.0 = Release|Any CPU
		{72D92E2F-8B25-4F17-869E-3D8A4AE51F30}.Debug|Any CPU.ActiveCfg = Debug|Any CPU
		{72D92E2F-8B25-4F17-869E-3D8A4AE51F30}.Debug|Any CPU.Build.0 = Debug|Any CPU
		{72D92E2F-8B25-4F17-869E-3D8A4AE51F30}.Release|Any CPU.ActiveCfg = Release|Any CPU
		{72D92E2F-8B25-4F17-869E-3D8A4AE51F30}.Release|Any CPU.Build.0 = Release|Any CPU
	EndGlobalSection
	GlobalSection(SolutionProperties) = preSolution
		HideSolutionNode = FALSE
	EndGlobalSection
	GlobalSection(ExtensibilityGlobals) = postSolution
		SolutionGuid = {35FF2F8F-8D9E-487F-9DEA-9898A4D83A5B}
	EndGlobalSection
EndGlobal
